// !$*UTF8*$!
{
	archiveVersion = 1;
	classes = {
	};
	objectVersion = 46;
	objects = {

/* Begin PBXBuildFile section */
		BDFB8F5A16974C5300542CC8 /* UIKit.framework in Frameworks */ = {isa = PBXBuildFile; fileRef = BDFB8F5916974C5300542CC8 /* UIKit.framework */; };
		BDFB8F5C16974C5300542CC8 /* Foundation.framework in Frameworks */ = {isa = PBXBuildFile; fileRef = BDFB8F5B16974C5300542CC8 /* Foundation.framework */; };
		BDFB8F5E16974C5300542CC8 /* CoreGraphics.framework in Frameworks */ = {isa = PBXBuildFile; fileRef = BDFB8F5D16974C5300542CC8 /* CoreGraphics.framework */; };
		BDFB8F6416974C5300542CC8 /* InfoPlist.strings in Resources */ = {isa = PBXBuildFile; fileRef = BDFB8F6216974C5300542CC8 /* InfoPlist.strings */; };
		BDFB8F6616974C5300542CC8 /* main.m in Sources */ = {isa = PBXBuildFile; fileRef = BDFB8F6516974C5300542CC8 /* main.m */; };
		BDFB8F6A16974C5300542CC8 /* VLMAppDelegate.m in Sources */ = {isa = PBXBuildFile; fileRef = BDFB8F6916974C5300542CC8 /* VLMAppDelegate.m */; };
		BDFB8F6C16974C5300542CC8 /* Default.png in Resources */ = {isa = PBXBuildFile; fileRef = BDFB8F6B16974C5300542CC8 /* Default.png */; };
		BDFB8F6E16974C5300542CC8 /* Default@2x.png in Resources */ = {isa = PBXBuildFile; fileRef = BDFB8F6D16974C5300542CC8 /* Default@2x.png */; };
		BDFB8F7016974C5300542CC8 /* Default-568h@2x.png in Resources */ = {isa = PBXBuildFile; fileRef = BDFB8F6F16974C5300542CC8 /* Default-568h@2x.png */; };
		BDFB8F7316974C5300542CC8 /* VLMViewController.m in Sources */ = {isa = PBXBuildFile; fileRef = BDFB8F7216974C5300542CC8 /* VLMViewController.m */; };
		BDFB8F7616974C5300542CC8 /* VLMViewController.xib in Resources */ = {isa = PBXBuildFile; fileRef = BDFB8F7416974C5300542CC8 /* VLMViewController.xib */; };
/* End PBXBuildFile section */

/* Begin PBXFileReference section */
		BDFB8F5516974C5300542CC8 /* DuelingTableViews.app */ = {isa = PBXFileReference; explicitFileType = wrapper.application; includeInIndex = 0; path = DuelingTableViews.app; sourceTree = BUILT_PRODUCTS_DIR; };
		BDFB8F5916974C5300542CC8 /* UIKit.framework */ = {isa = PBXFileReference; lastKnownFileType = wrapper.framework; name = UIKit.framework; path = System/Library/Frameworks/UIKit.framework; sourceTree = SDKROOT; };
		BDFB8F5B16974C5300542CC8 /* Foundation.framework */ = {isa = PBXFileReference; lastKnownFileType = wrapper.framework; name = Foundation.framework; path = System/Library/Frameworks/Foundation.framework; sourceTree = SDKROOT; };
		BDFB8F5D16974C5300542CC8 /* CoreGraphics.framework */ = {isa = PBXFileReference; lastKnownFileType = wrapper.framework; name = CoreGraphics.framework; path = System/Library/Frameworks/CoreGraphics.framework; sourceTree = SDKROOT; };
		BDFB8F6116974C5300542CC8 /* DuelingTableViews-Info.plist */ = {isa = PBXFileReference; lastKnownFileType = text.plist.xml; path = "DuelingTableViews-Info.plist"; sourceTree = "<group>"; };
		BDFB8F6316974C5300542CC8 /* en */ = {isa = PBXFileReference; lastKnownFileType = text.plist.strings; name = en; path = en.lproj/InfoPlist.strings; sourceTree = "<group>"; };
		BDFB8F6516974C5300542CC8 /* main.m */ = {isa = PBXFileReference; lastKnownFileType = sourcecode.c.objc; path = main.m; sourceTree = "<group>"; };
		BDFB8F6716974C5300542CC8 /* DuelingTableViews-Prefix.pch */ = {isa = PBXFileReference; lastKnownFileType = sourcecode.c.h; path = "DuelingTableViews-Prefix.pch"; sourceTree = "<group>"; };
		BDFB8F6816974C5300542CC8 /* VLMAppDelegate.h */ = {isa = PBXFileReference; lastKnownFileType = sourcecode.c.h; path = VLMAppDelegate.h; sourceTree = "<group>"; };
		BDFB8F6916974C5300542CC8 /* VLMAppDelegate.m */ = {isa = PBXFileReference; lastKnownFileType = sourcecode.c.objc; path = VLMAppDelegate.m; sourceTree = "<group>"; };
		BDFB8F6B16974C5300542CC8 /* Default.png */ = {isa = PBXFileReference; lastKnownFileType = image.png; path = Default.png; sourceTree = "<group>"; };
		BDFB8F6D16974C5300542CC8 /* Default@2x.png */ = {isa = PBXFileReference; lastKnownFileType = image.png; path = "Default@2x.png"; sourceTree = "<group>"; };
		BDFB8F6F16974C5300542CC8 /* Default-568h@2x.png */ = {isa = PBXFileReference; lastKnownFileType = image.png; path = "Default-568h@2x.png"; sourceTree = "<group>"; };
		BDFB8F7116974C5300542CC8 /* VLMViewController.h */ = {isa = PBXFileReference; lastKnownFileType = sourcecode.c.h; path = VLMViewController.h; sourceTree = "<group>"; };
		BDFB8F7216974C5300542CC8 /* VLMViewController.m */ = {isa = PBXFileReference; lastKnownFileType = sourcecode.c.objc; path = VLMViewController.m; sourceTree = "<group>"; };
		BDFB8F7516974C5300542CC8 /* en */ = {isa = PBXFileReference; lastKnownFileType = file.xib; name = en; path = en.lproj/VLMViewController.xib; sourceTree = "<group>"; };
/* End PBXFileReference section */

/* Begin PBXFrameworksBuildPhase section */
		BDFB8F5216974C5300542CC8 /* Frameworks */ = {
			isa = PBXFrameworksBuildPhase;
			buildActionMask = 2147483647;
			files = (
				BDFB8F5A16974C5300542CC8 /* UIKit.framework in Frameworks */,
				BDFB8F5C16974C5300542CC8 /* Foundation.framework in Frameworks */,
				BDFB8F5E16974C5300542CC8 /* CoreGraphics.framework in Frameworks */,
			);
			runOnlyForDeploymentPostprocessing = 0;
		};
/* End PBXFrameworksBuildPhase section */

/* Begin PBXGroup section */
		BDFB8F4A16974C5300542CC8 = {
			isa = PBXGroup;
			children = (
				BDFB8F5F16974C5300542CC8 /* DuelingTableViews */,
				BDFB8F5816974C5300542CC8 /* Frameworks */,
				BDFB8F5616974C5300542CC8 /* Products */,
			);
			sourceTree = "<group>";
		};
		BDFB8F5616974C5300542CC8 /* Products */ = {
			isa = PBXGroup;
			children = (
				BDFB8F5516974C5300542CC8 /* DuelingTableViews.app */,
			);
			name = Products;
			sourceTree = "<group>";
		};
		BDFB8F5816974C5300542CC8 /* Frameworks */ = {
			isa = PBXGroup;
			children = (
				BDFB8F5916974C5300542CC8 /* UIKit.framework */,
				BDFB8F5B16974C5300542CC8 /* Foundation.framework */,
				BDFB8F5D16974C5300542CC8 /* CoreGraphics.framework */,
			);
			name = Frameworks;
			sourceTree = "<group>";
		};
		BDFB8F5F16974C5300542CC8 /* DuelingTableViews */ = {
			isa = PBXGroup;
			children = (
				BDFB8F6816974C5300542CC8 /* VLMAppDelegate.h */,
				BDFB8F6916974C5300542CC8 /* VLMAppDelegate.m */,
				BDFB8F7116974C5300542CC8 /* VLMViewController.h */,
				BDFB8F7216974C5300542CC8 /* VLMViewController.m */,
				BDFB8F7416974C5300542CC8 /* VLMViewController.xib */,
				BDFB8F6016974C5300542CC8 /* Supporting Files */,
			);
			path = DuelingTableViews;
			sourceTree = "<group>";
		};
		BDFB8F6016974C5300542CC8 /* Supporting Files */ = {
			isa = PBXGroup;
			children = (
				BDFB8F6116974C5300542CC8 /* DuelingTableViews-Info.plist */,
				BDFB8F6216974C5300542CC8 /* InfoPlist.strings */,
				BDFB8F6516974C5300542CC8 /* main.m */,
				BDFB8F6716974C5300542CC8 /* DuelingTableViews-Prefix.pch */,
				BDFB8F6B16974C5300542CC8 /* Default.png */,
				BDFB8F6D16974C5300542CC8 /* Default@2x.png */,
				BDFB8F6F16974C5300542CC8 /* Default-568h@2x.png */,
			);
			name = "Supporting Files";
			sourceTree = "<group>";
		};
/* End PBXGroup section */

/* Begin PBXNativeTarget section */
		BDFB8F5416974C5300542CC8 /* DuelingTableViews */ = {
			isa = PBXNativeTarget;
			buildConfigurationList = BDFB8F7916974C5300542CC8 /* Build configuration list for PBXNativeTarget "DuelingTableViews" */;
			buildPhases = (
				BDFB8F5116974C5300542CC8 /* Sources */,
				BDFB8F5216974C5300542CC8 /* Frameworks */,
				BDFB8F5316974C5300542CC8 /* Resources */,
			);
			buildRules = (
			);
			dependencies = (
			);
			name = DuelingTableViews;
			productName = DuelingTableViews;
			productReference = BDFB8F5516974C5300542CC8 /* DuelingTableViews.app */;
			productType = "com.apple.product-type.application";
		};
/* End PBXNativeTarget section */

/* Begin PBXProject section */
		BDFB8F4C16974C5300542CC8 /* Project object */ = {
			isa = PBXProject;
			attributes = {
				CLASSPREFIX = VLM;
				LastUpgradeCheck = 0450;
				ORGANIZATIONNAME = "David Lu";
			};
			buildConfigurationList = BDFB8F4F16974C5300542CC8 /* Build configuration list for PBXProject "DuelingTableViews" */;
			compatibilityVersion = "Xcode 3.2";
			developmentRegion = English;
			hasScannedForEncodings = 0;
			knownRegions = (
				en,
			);
			mainGroup = BDFB8F4A16974C5300542CC8;
			productRefGroup = BDFB8F5616974C5300542CC8 /* Products */;
			projectDirPath = "";
			projectRoot = "";
			targets = (
				BDFB8F5416974C5300542CC8 /* DuelingTableViews */,
			);
		};
/* End PBXProject section */

/* Begin PBXResourcesBuildPhase section */
		BDFB8F5316974C5300542CC8 /* Resources */ = {
			isa = PBXResourcesBuildPhase;
			buildActionMask = 2147483647;
			files = (
				BDFB8F6416974C5300542CC8 /* InfoPlist.strings in Resources */,
				BDFB8F6C16974C5300542CC8 /* Default.png in Resources */,
				BDFB8F6E16974C5300542CC8 /* Default@2x.png in Resources */,
				BDFB8F7016974C5300542CC8 /* Default-568h@2x.png in Resources */,
				BDFB8F7616974C5300542CC8 /* VLMViewController.xib in Resources */,
			);
			runOnlyForDeploymentPostprocessing = 0;
		};
/* End PBXResourcesBuildPhase section */

/* Begin PBXSourcesBuildPhase section */
		BDFB8F5116974C5300542CC8 /* Sources */ = {
			isa = PBXSourcesBuildPhase;
			buildActionMask = 2147483647;
			files = (
				BDFB8F6616974C5300542CC8 /* main.m in Sources */,
				BDFB8F6A16974C5300542CC8 /* VLMAppDelegate.m in Sources */,
				BDFB8F7316974C5300542CC8 /* VLMViewController.m in Sources */,
			);
			runOnlyForDeploymentPostprocessing = 0;
		};
/* End PBXSourcesBuildPhase section */

/* Begin PBXVariantGroup section */
		BDFB8F6216974C5300542CC8 /* InfoPlist.strings */ = {
			isa = PBXVariantGroup;
			children = (
				BDFB8F6316974C5300542CC8 /* en */,
			);
			name = InfoPlist.strings;
			sourceTree = "<group>";
		};
		BDFB8F7416974C5300542CC8 /* VLMViewController.xib */ = {
			isa = PBXVariantGroup;
			children = (
				BDFB8F7516974C5300542CC8 /* en */,
			);
			name = VLMViewController.xib;
			sourceTree = "<group>";
		};
/* End PBXVariantGroup section */

/* Begin XCBuildConfiguration section */
		BDFB8F7716974C5300542CC8 /* Debug */ = {
			isa = XCBuildConfiguration;
			buildSettings = {
				ALWAYS_SEARCH_USER_PATHS = NO;
				CLANG_CXX_LANGUAGE_STANDARD = "gnu++0x";
				CLANG_CXX_LIBRARY = "libc++";
				CLANG_ENABLE_OBJC_ARC = YES;
				CLANG_WARN_EMPTY_BODY = YES;
				CLANG_WARN__DUPLICATE_METHOD_MATCH = YES;
				"CODE_SIGN_IDENTITY[sdk=iphoneos*]" = "iPhone Developer";
				COPY_PHASE_STRIP = NO;
				GCC_C_LANGUAGE_STANDARD = gnu99;
				GCC_DYNAMIC_NO_PIC = NO;
				GCC_OPTIMIZATION_LEVEL = 0;
				GCC_PREPROCESSOR_DEFINITIONS = (
					"DEBUG=1",
					"$(inherited)",
				);
				GCC_SYMBOLS_PRIVATE_EXTERN = NO;
				GCC_WARN_ABOUT_RETURN_TYPE = YES;
				GCC_WARN_UNINITIALIZED_AUTOS = YES;
				GCC_WARN_UNUSED_VARIABLE = YES;
				IPHONEOS_DEPLOYMENT_TARGET = 6.0;
				ONLY_ACTIVE_ARCH = YES;
				SDKROOT = iphoneos;
			};
			name = Debug;
		};
		BDFB8F7816974C5300542CC8 /* Release */ = {
			isa = XCBuildConfiguration;
			buildSettings = {
				ALWAYS_SEARCH_USER_PATHS = NO;
				CLANG_CXX_LANGUAGE_STANDARD = "gnu++0x";
				CLANG_CXX_LIBRARY = "libc++";
				CLANG_ENABLE_OBJC_ARC = YES;
				CLANG_WARN_EMPTY_BODY = YES;
				CLANG_WARN__DUPLICATE_METHOD_MATCH = YES;
				"CODE_SIGN_IDENTITY[sdk=iphoneos*]" = "iPhone Developer";
				COPY_PHASE_STRIP = YES;
				GCC_C_LANGUAGE_STANDARD = gnu99;
				GCC_WARN_ABOUT_RETURN_TYPE = YES;
				GCC_WARN_UNINITIALIZED_AUTOS = YES;
				GCC_WARN_UNUSED_VARIABLE = YES;
				IPHONEOS_DEPLOYMENT_TARGET = 6.0;
				OTHER_CFLAGS = "-DNS_BLOCK_ASSERTIONS=1";
				SDKROOT = iphoneos;
				VALIDATE_PRODUCT = YES;
			};
			name = Release;
		};
		BDFB8F7A16974C5300542CC8 /* Debug */ = {
			isa = XCBuildConfiguration;
			buildSettings = {
				GCC_PRECOMPILE_PREFIX_HEADER = YES;
				GCC_PREFIX_HEADER = "DuelingTableViews/DuelingTableViews-Prefix.pch";
				INFOPLIST_FILE = "DuelingTableViews/DuelingTableViews-Info.plist";
				PRODUCT_NAME = "$(TARGET_NAME)";
				WRAPPER_EXTENSION = app;
			};
			name = Debug;
		};
		BDFB8F7B16974C5300542CC8 /* Release */ = {
			isa = XCBuildConfiguration;
			buildSettings = {
				GCC_PRECOMPILE_PREFIX_HEADER = YES;
				GCC_PREFIX_HEADER = "DuelingTableViews/DuelingTableViews-Prefix.pch";
				INFOPLIST_FILE = "DuelingTableViews/DuelingTableViews-Info.plist";
				PRODUCT_NAME = "$(TARGET_NAME)";
				WRAPPER_EXTENSION = app;
			};
			name = Release;
		};
/* End XCBuildConfiguration section */

/* Begin XCConfigurationList section */
		BDFB8F4F16974C5300542CC8 /* Build configuration list for PBXProject "DuelingTableViews" */ = {
			isa = XCConfigurationList;
			buildConfigurations = (
				BDFB8F7716974C5300542CC8 /* Debug */,
				BDFB8F7816974C5300542CC8 /* Release */,
			);
			defaultConfigurationIsVisible = 0;
			defaultConfigurationName = Release;
		};
		BDFB8F7916974C5300542CC8 /* Build configuration list for PBXNativeTarget "DuelingTableViews" */ = {
			isa = XCConfigurationList;
			buildConfigurations = (
				BDFB8F7A16974C5300542CC8 /* Debug */,
				BDFB8F7B16974C5300542CC8 /* Release */,
			);
			defaultConfigurationIsVisible = 0;
		};
/* End XCConfigurationList section */
	};
	rootObject = BDFB8F4C16974C5300542CC8 /* Project object */;
}
